// !$*UTF8*$!
{
	archiveVersion = 1;
	classes = {
	};
	objectVersion = 46;
	objects = {

/* Begin PBXBuildFile section */
		431B8C491DF70B1F00C127AC /* QuestionsModel.m in Sources */ = {isa = PBXBuildFile; fileRef = 431B8C481DF70B1F00C127AC /* QuestionsModel.m */; };
		431B8C581DF7441500C127AC /* CustomViewCell.m in Sources */ = {isa = PBXBuildFile; fileRef = 431B8C571DF7441500C127AC /* CustomViewCell.m */; };
		4328D2C61DFF183E00D2390A /* ScoreViewController.m in Sources */ = {isa = PBXBuildFile; fileRef = 4328D2C51DFF183E00D2390A /* ScoreViewController.m */; };
		4328D2CA1DFF193500D2390A /* PrivacyPolicyViewController.m in Sources */ = {isa = PBXBuildFile; fileRef = 4328D2C91DFF193500D2390A /* PrivacyPolicyViewController.m */; };
		437BFDFA1E00DAE900E0C89C /* ResultsModel.m in Sources */ = {isa = PBXBuildFile; fileRef = 437BFDF91E00DAE900E0C89C /* ResultsModel.m */; };
		4386D7C51DF5E5D500F32137 /* main.m in Sources */ = {isa = PBXBuildFile; fileRef = 4386D7C41DF5E5D500F32137 /* main.m */; };
		4386D7C81DF5E5D500F32137 /* AppDelegate.m in Sources */ = {isa = PBXBuildFile; fileRef = 4386D7C71DF5E5D500F32137 /* AppDelegate.m */; };
		4386D7CB1DF5E5D500F32137 /* ViewController.m in Sources */ = {isa = PBXBuildFile; fileRef = 4386D7CA1DF5E5D500F32137 /* ViewController.m */; };
		4386D7D31DF5E5D500F32137 /* LaunchScreen.storyboard in Resources */ = {isa = PBXBuildFile; fileRef = 4386D7D11DF5E5D500F32137 /* LaunchScreen.storyboard */; };
		4386D7DE1DF5EAFC00F32137 /* Main.storyboard in Resources */ = {isa = PBXBuildFile; fileRef = 4386D7DC1DF5EAFC00F32137 /* Main.storyboard */; };
		4386D7E81DF5EC7900F32137 /* QuestionsViewController.m in Sources */ = {isa = PBXBuildFile; fileRef = 4386D7E71DF5EC7900F32137 /* QuestionsViewController.m */; };
		43B966B11E0039C8009B1801 /* MessageUI.framework in Frameworks */ = {isa = PBXBuildFile; fileRef = 43B966B01E0039C8009B1801 /* MessageUI.framework */; };
		43B966B71E007689009B1801 /* ResultsViewController.m in Sources */ = {isa = PBXBuildFile; fileRef = 43B966B61E007689009B1801 /* ResultsViewController.m */; };
		43E362CF1DF9CB1500435319 /* Assets.xcassets in Resources */ = {isa = PBXBuildFile; fileRef = 43E362CE1DF9CB1500435319 /* Assets.xcassets */; };
		43F274581E0189160071014C /* Utils.m in Sources */ = {isa = PBXBuildFile; fileRef = 43F274571E0189160071014C /* Utils.m */; };
/* End PBXBuildFile section */

/* Begin PBXFileReference section */
		431B8C471DF70B1F00C127AC /* QuestionsModel.h */ = {isa = PBXFileReference; fileEncoding = 4; lastKnownFileType = sourcecode.c.h; path = QuestionsModel.h; sourceTree = "<group>"; };
		431B8C481DF70B1F00C127AC /* QuestionsModel.m */ = {isa = PBXFileReference; fileEncoding = 4; lastKnownFileType = sourcecode.c.objc; path = QuestionsModel.m; sourceTree = "<group>"; };
		431B8C561DF7441500C127AC /* CustomViewCell.h */ = {isa = PBXFileReference; fileEncoding = 4; lastKnownFileType = sourcecode.c.h; path = CustomViewCell.h; sourceTree = "<group>"; };
		431B8C571DF7441500C127AC /* CustomViewCell.m */ = {isa = PBXFileReference; fileEncoding = 4; lastKnownFileType = sourcecode.c.objc; path = CustomViewCell.m; sourceTree = "<group>"; };
		4328D2C41DFF183E00D2390A /* ScoreViewController.h */ = {isa = PBXFileReference; fileEncoding = 4; lastKnownFileType = sourcecode.c.h; name = ScoreViewController.h; path = "A Touch of Health/ScoreViewController.h"; sourceTree = "<group>"; };
		4328D2C51DFF183E00D2390A /* ScoreViewController.m */ = {isa = PBXFileReference; fileEncoding = 4; lastKnownFileType = sourcecode.c.objc; name = ScoreViewController.m; path = "A Touch of Health/ScoreViewController.m"; sourceTree = "<group>"; };
		4328D2C81DFF193500D2390A /* PrivacyPolicyViewController.h */ = {isa = PBXFileReference; fileEncoding = 4; lastKnownFileType = sourcecode.c.h; path = PrivacyPolicyViewController.h; sourceTree = "<group>"; };
		4328D2C91DFF193500D2390A /* PrivacyPolicyViewController.m */ = {isa = PBXFileReference; fileEncoding = 4; lastKnownFileType = sourcecode.c.objc; path = PrivacyPolicyViewController.m; sourceTree = "<group>"; };
		437BFDF81E00DAE900E0C89C /* ResultsModel.h */ = {isa = PBXFileReference; fileEncoding = 4; lastKnownFileType = sourcecode.c.h; path = ResultsModel.h; sourceTree = "<group>"; };
		437BFDF91E00DAE900E0C89C /* ResultsModel.m */ = {isa = PBXFileReference; fileEncoding = 4; lastKnownFileType = sourcecode.c.objc; path = ResultsModel.m; sourceTree = "<group>"; };
		4386D7C01DF5E5D500F32137 /* A Touch of Health.app */ = {isa = PBXFileReference; explicitFileType = wrapper.application; includeInIndex = 0; path = "A Touch of Health.app"; sourceTree = BUILT_PRODUCTS_DIR; };
		4386D7C41DF5E5D500F32137 /* main.m */ = {isa = PBXFileReference; lastKnownFileType = sourcecode.c.objc; path = main.m; sourceTree = "<group>"; };
		4386D7C61DF5E5D500F32137 /* AppDelegate.h */ = {isa = PBXFileReference; lastKnownFileType = sourcecode.c.h; path = AppDelegate.h; sourceTree = "<group>"; };
		4386D7C71DF5E5D500F32137 /* AppDelegate.m */ = {isa = PBXFileReference; lastKnownFileType = sourcecode.c.objc; path = AppDelegate.m; sourceTree = "<group>"; };
		4386D7C91DF5E5D500F32137 /* ViewController.h */ = {isa = PBXFileReference; lastKnownFileType = sourcecode.c.h; name = ViewController.h; path = "A Touch of Health/ViewController.h"; sourceTree = "<group>"; };
		4386D7CA1DF5E5D500F32137 /* ViewController.m */ = {isa = PBXFileReference; lastKnownFileType = sourcecode.c.objc; name = ViewController.m; path = "A Touch of Health/ViewController.m"; sourceTree = "<group>"; };
		4386D7D21DF5E5D500F32137 /* Base */ = {isa = PBXFileReference; lastKnownFileType = file.storyboard; name = Base; path = Base.lproj/LaunchScreen.storyboard; sourceTree = "<group>"; };
		4386D7D41DF5E5D500F32137 /* Info.plist */ = {isa = PBXFileReference; lastKnownFileType = text.plist.xml; path = Info.plist; sourceTree = "<group>"; };
		4386D7DD1DF5EAFC00F32137 /* Base */ = {isa = PBXFileReference; lastKnownFileType = file.storyboard; name = Base; path = Base.lproj/Main.storyboard; sourceTree = "<group>"; };
		4386D7E61DF5EC7900F32137 /* QuestionsViewController.h */ = {isa = PBXFileReference; fileEncoding = 4; lastKnownFileType = sourcecode.c.h; name = QuestionsViewController.h; path = "A Touch of Health/QuestionsViewController.h"; sourceTree = "<group>"; };
		4386D7E71DF5EC7900F32137 /* QuestionsViewController.m */ = {isa = PBXFileReference; fileEncoding = 4; lastKnownFileType = sourcecode.c.objc; name = QuestionsViewController.m; path = "A Touch of Health/QuestionsViewController.m"; sourceTree = "<group>"; };
		43B966B01E0039C8009B1801 /* MessageUI.framework */ = {isa = PBXFileReference; lastKnownFileType = wrapper.framework; name = MessageUI.framework; path = System/Library/Frameworks/MessageUI.framework; sourceTree = SDKROOT; };
		43B966B51E007689009B1801 /* ResultsViewController.h */ = {isa = PBXFileReference; fileEncoding = 4; lastKnownFileType = sourcecode.c.h; path = ResultsViewController.h; sourceTree = "<group>"; };
		43B966B61E007689009B1801 /* ResultsViewController.m */ = {isa = PBXFileReference; fileEncoding = 4; lastKnownFileType = sourcecode.c.objc; path = ResultsViewController.m; sourceTree = "<group>"; };
		43E362CE1DF9CB1500435319 /* Assets.xcassets */ = {isa = PBXFileReference; lastKnownFileType = folder.assetcatalog; path = Assets.xcassets; sourceTree = "<group>"; };
		43F274561E0189160071014C /* Utils.h */ = {isa = PBXFileReference; fileEncoding = 4; lastKnownFileType = sourcecode.c.h; path = Utils.h; sourceTree = "<group>"; };
		43F274571E0189160071014C /* Utils.m */ = {isa = PBXFileReference; fileEncoding = 4; lastKnownFileType = sourcecode.c.objc; path = Utils.m; sourceTree = "<group>"; };
/* End PBXFileReference section */

/* Begin PBXFrameworksBuildPhase section */
		4386D7BD1DF5E5D500F32137 /* Frameworks */ = {
			isa = PBXFrameworksBuildPhase;
			buildActionMask = 2147483647;
			files = (
				43B966B11E0039C8009B1801 /* MessageUI.framework in Frameworks */,
			);
			runOnlyForDeploymentPostprocessing = 0;
		};
/* End PBXFrameworksBuildPhase section */

/* Begin PBXGroup section */
		431B8C451DF7095E00C127AC /* models */ = {
			isa = PBXGroup;
			children = (
				431B8C471DF70B1F00C127AC /* QuestionsModel.h */,
				431B8C481DF70B1F00C127AC /* QuestionsModel.m */,
				437BFDF81E00DAE900E0C89C /* ResultsModel.h */,
				437BFDF91E00DAE900E0C89C /* ResultsModel.m */,
			);
			name = models;
			sourceTree = "<group>";
		};
		4328D2C71DFF186F00D2390A /* controllers */ = {
			isa = PBXGroup;
			children = (
				4328D2C41DFF183E00D2390A /* ScoreViewController.h */,
				4328D2C51DFF183E00D2390A /* ScoreViewController.m */,
				4386D7E61DF5EC7900F32137 /* QuestionsViewController.h */,
				4386D7E71DF5EC7900F32137 /* QuestionsViewController.m */,
				4386D7C91DF5E5D500F32137 /* ViewController.h */,
				4386D7CA1DF5E5D500F32137 /* ViewController.m */,
				4328D2C81DFF193500D2390A /* PrivacyPolicyViewController.h */,
				4328D2C91DFF193500D2390A /* PrivacyPolicyViewController.m */,
				43B966B51E007689009B1801 /* ResultsViewController.h */,
				43B966B61E007689009B1801 /* ResultsViewController.m */,
			);
			name = controllers;
			path = ..;
			sourceTree = "<group>";
		};
		4386D7B71DF5E5D500F32137 = {
			isa = PBXGroup;
			children = (
				4386D7C21DF5E5D500F32137 /* A Touch of Health */,
				43B966AF1E0039C8009B1801 /* Frameworks */,
			);
			sourceTree = "<group>";
		};
		4386D7C11DF5E5D500F32137 /* Products */ = {
			isa = PBXGroup;
			children = (
				4386D7C01DF5E5D500F32137 /* A Touch of Health.app */,
			);
			name = Products;
			path = ..;
			sourceTree = "<group>";
		};
		4386D7C21DF5E5D500F32137 /* A Touch of Health */ = {
			isa = PBXGroup;
			children = (
				4386D7C11DF5E5D500F32137 /* Products */,
				4386D7C31DF5E5D500F32137 /* Supporting Files */,
				431B8C451DF7095E00C127AC /* models */,
				4328D2C71DFF186F00D2390A /* controllers */,
				4386D7C61DF5E5D500F32137 /* AppDelegate.h */,
				4386D7C71DF5E5D500F32137 /* AppDelegate.m */,
				431B8C561DF7441500C127AC /* CustomViewCell.h */,
				431B8C571DF7441500C127AC /* CustomViewCell.m */,
				43F274561E0189160071014C /* Utils.h */,
				43F274571E0189160071014C /* Utils.m */,
				43E362CE1DF9CB1500435319 /* Assets.xcassets */,
				4386D7DC1DF5EAFC00F32137 /* Main.storyboard */,
				4386D7D11DF5E5D500F32137 /* LaunchScreen.storyboard */,
				4386D7D41DF5E5D500F32137 /* Info.plist */,
			);
			path = "A Touch of Health";
			sourceTree = "<group>";
		};
		4386D7C31DF5E5D500F32137 /* Supporting Files */ = {
			isa = PBXGroup;
			children = (
				4386D7C41DF5E5D500F32137 /* main.m */,
			);
			name = "Supporting Files";
			sourceTree = "<group>";
		};
		43B966AF1E0039C8009B1801 /* Frameworks */ = {
			isa = PBXGroup;
			children = (
				43B966B01E0039C8009B1801 /* MessageUI.framework */,
			);
			name = Frameworks;
			sourceTree = "<group>";
		};
/* End PBXGroup section */

/* Begin PBXNativeTarget section */
		4386D7BF1DF5E5D500F32137 /* A Touch of Health */ = {
			isa = PBXNativeTarget;
			buildConfigurationList = 4386D7D71DF5E5D500F32137 /* Build configuration list for PBXNativeTarget "A Touch of Health" */;
			buildPhases = (
				4386D7BC1DF5E5D500F32137 /* Sources */,
				4386D7BD1DF5E5D500F32137 /* Frameworks */,
				4386D7BE1DF5E5D500F32137 /* Resources */,
			);
			buildRules = (
			);
			dependencies = (
			);
			name = "A Touch of Health";
			productName = "A Touch of Health";
			productReference = 4386D7C01DF5E5D500F32137 /* A Touch of Health.app */;
			productType = "com.apple.product-type.application";
		};
/* End PBXNativeTarget section */

/* Begin PBXProject section */
		4386D7B81DF5E5D500F32137 /* Project object */ = {
			isa = PBXProject;
			attributes = {
				LastUpgradeCheck = 0810;
				ORGANIZATIONNAME = Nightingale;
				TargetAttributes = {
					4386D7BF1DF5E5D500F32137 = {
						CreatedOnToolsVersion = 8.1;
						DevelopmentTeam = G4KG9W5G76;
						ProvisioningStyle = Automatic;
					};
				};
			};
			buildConfigurationList = 4386D7BB1DF5E5D500F32137 /* Build configuration list for PBXProject "A Touch of Health" */;
			compatibilityVersion = "Xcode 3.2";
			developmentRegion = English;
			hasScannedForEncodings = 0;
			knownRegions = (
				en,
				Base,
			);
			mainGroup = 4386D7B71DF5E5D500F32137;
			productRefGroup = 4386D7C11DF5E5D500F32137 /* Products */;
			projectDirPath = "";
			projectRoot = "";
			targets = (
				4386D7BF1DF5E5D500F32137 /* A Touch of Health */,
			);
		};
/* End PBXProject section */

/* Begin PBXResourcesBuildPhase section */
		4386D7BE1DF5E5D500F32137 /* Resources */ = {
			isa = PBXResourcesBuildPhase;
			buildActionMask = 2147483647;
			files = (
				4386D7DE1DF5EAFC00F32137 /* Main.storyboard in Resources */,
				43E362CF1DF9CB1500435319 /* Assets.xcassets in Resources */,
				4386D7D31DF5E5D500F32137 /* LaunchScreen.storyboard in Resources */,
			);
			runOnlyForDeploymentPostprocessing = 0;
		};
/* End PBXResourcesBuildPhase section */

/* Begin PBXSourcesBuildPhase section */
		4386D7BC1DF5E5D500F32137 /* Sources */ = {
			isa = PBXSourcesBuildPhase;
			buildActionMask = 2147483647;
			files = (
				437BFDFA1E00DAE900E0C89C /* ResultsModel.m in Sources */,
				43F274581E0189160071014C /* Utils.m in Sources */,
				4386D7CB1DF5E5D500F32137 /* ViewController.m in Sources */,
				4328D2C61DFF183E00D2390A /* ScoreViewController.m in Sources */,
				4386D7C81DF5E5D500F32137 /* AppDelegate.m in Sources */,
				431B8C491DF70B1F00C127AC /* QuestionsModel.m in Sources */,
				431B8C581DF7441500C127AC /* CustomViewCell.m in Sources */,
				4328D2CA1DFF193500D2390A /* PrivacyPolicyViewController.m in Sources */,
				43B966B71E007689009B1801 /* ResultsViewController.m in Sources */,
				4386D7E81DF5EC7900F32137 /* QuestionsViewController.m in Sources */,
				4386D7C51DF5E5D500F32137 /* main.m in Sources */,
			);
			runOnlyForDeploymentPostprocessing = 0;
		};
/* End PBXSourcesBuildPhase section */

/* Begin PBXVariantGroup section */
		4386D7D11DF5E5D500F32137 /* LaunchScreen.storyboard */ = {
			isa = PBXVariantGroup;
			children = (
				4386D7D21DF5E5D500F32137 /* Base */,
			);
			name = LaunchScreen.storyboard;
			sourceTree = "<group>";
		};
		4386D7DC1DF5EAFC00F32137 /* Main.storyboard */ = {
			isa = PBXVariantGroup;
			children = (
				4386D7DD1DF5EAFC00F32137 /* Base */,
			);
			name = Main.storyboard;
			sourceTree = "<group>";
		};
/* End PBXVariantGroup section */

/* Begin XCBuildConfiguration section */
		4386D7D51DF5E5D500F32137 /* Debug */ = {
			isa = XCBuildConfiguration;
			buildSettings = {
				ALWAYS_SEARCH_USER_PATHS = NO;
				CLANG_ANALYZER_NONNULL = YES;
				CLANG_CXX_LANGUAGE_STANDARD = "gnu++0x";
				CLANG_CXX_LIBRARY = "libc++";
				CLANG_ENABLE_MODULES = YES;
				CLANG_ENABLE_OBJC_ARC = YES;
				CLANG_WARN_BOOL_CONVERSION = YES;
				CLANG_WARN_CONSTANT_CONVERSION = YES;
				CLANG_WARN_DIRECT_OBJC_ISA_USAGE = YES_ERROR;
				CLANG_WARN_DOCUMENTATION_COMMENTS = YES;
				CLANG_WARN_EMPTY_BODY = YES;
				CLANG_WARN_ENUM_CONVERSION = YES;
				CLANG_WARN_INFINITE_RECURSION = YES;
				CLANG_WARN_INT_CONVERSION = YES;
				CLANG_WARN_OBJC_ROOT_CLASS = YES_ERROR;
				CLANG_WARN_SUSPICIOUS_MOVES = YES;
				CLANG_WARN_UNREACHABLE_CODE = YES;
				CLANG_WARN__DUPLICATE_METHOD_MATCH = YES;
				"CODE_SIGN_IDENTITY[sdk=iphoneos*]" = "iPhone Developer";
				COPY_PHASE_STRIP = NO;
				DEBUG_INFORMATION_FORMAT = dwarf;
				ENABLE_STRICT_OBJC_MSGSEND = YES;
				ENABLE_TESTABILITY = YES;
				GCC_C_LANGUAGE_STANDARD = gnu99;
				GCC_DYNAMIC_NO_PIC = NO;
				GCC_NO_COMMON_BLOCKS = YES;
				GCC_OPTIMIZATION_LEVEL = 0;
				GCC_PREPROCESSOR_DEFINITIONS = (
					"DEBUG=1",
					"$(inherited)",
				);
				GCC_WARN_64_TO_32_BIT_CONVERSION = YES;
				GCC_WARN_ABOUT_RETURN_TYPE = YES_ERROR;
				GCC_WARN_UNDECLARED_SELECTOR = YES;
				GCC_WARN_UNINITIALIZED_AUTOS = YES_AGGRESSIVE;
				GCC_WARN_UNUSED_FUNCTION = YES;
				GCC_WARN_UNUSED_VARIABLE = YES;
				IPHONEOS_DEPLOYMENT_TARGET = 10.1;
				MTL_ENABLE_DEBUG_INFO = YES;
				ONLY_ACTIVE_ARCH = YES;
				SDKROOT = iphoneos;
			};
			name = Debug;
		};
		4386D7D61DF5E5D500F32137 /* Release */ = {
			isa = XCBuildConfiguration;
			buildSettings = {
				ALWAYS_SEARCH_USER_PATHS = NO;
				CLANG_ANALYZER_NONNULL = YES;
				CLANG_CXX_LANGUAGE_STANDARD = "gnu++0x";
				CLANG_CXX_LIBRARY = "libc++";
				CLANG_ENABLE_MODULES = YES;
				CLANG_ENABLE_OBJC_ARC = YES;
				CLANG_WARN_BOOL_CONVERSION = YES;
				CLANG_WARN_CONSTANT_CONVERSION = YES;
				CLANG_WARN_DIRECT_OBJC_ISA_USAGE = YES_ERROR;
				CLANG_WARN_DOCUMENTATION_COMMENTS = YES;
				CLANG_WARN_EMPTY_BODY = YES;
				CLANG_WARN_ENUM_CONVERSION = YES;
				CLANG_WARN_INFINITE_RECURSION = YES;
				CLANG_WARN_INT_CONVERSION = YES;
				CLANG_WARN_OBJC_ROOT_CLASS = YES_ERROR;
				CLANG_WARN_SUSPICIOUS_MOVES = YES;
				CLANG_WARN_UNREACHABLE_CODE = YES;
				CLANG_WARN__DUPLICATE_METHOD_MATCH = YES;
				"CODE_SIGN_IDENTITY[sdk=iphoneos*]" = "iPhone Developer";
				COPY_PHASE_STRIP = NO;
				DEBUG_INFORMATION_FORMAT = "dwarf-with-dsym";
				ENABLE_NS_ASSERTIONS = NO;
				ENABLE_STRICT_OBJC_MSGSEND = YES;
				GCC_C_LANGUAGE_STANDARD = gnu99;
				GCC_NO_COMMON_BLOCKS = YES;
				GCC_WARN_64_TO_32_BIT_CONVERSION = YES;
				GCC_WARN_ABOUT_RETURN_TYPE = YES_ERROR;
				GCC_WARN_UNDECLARED_SELECTOR = YES;
				GCC_WARN_UNINITIALIZED_AUTOS = YES_AGGRESSIVE;
				GCC_WARN_UNUSED_FUNCTION = YES;
				GCC_WARN_UNUSED_VARIABLE = YES;
				IPHONEOS_DEPLOYMENT_TARGET = 10.1;
				MTL_ENABLE_DEBUG_INFO = NO;
				SDKROOT = iphoneos;
				VALIDATE_PRODUCT = YES;
			};
			name = Release;
		};
		4386D7D81DF5E5D500F32137 /* Debug */ = {
			isa = XCBuildConfiguration;
			buildSettings = {
				ASSETCATALOG_COMPILER_APPICON_NAME = AppIcon;
				ASSETCATALOG_COMPILER_LAUNCHIMAGE_NAME = LaunchImage;
				"CODE_SIGN_IDENTITY[sdk=iphoneos*]" = "iPhone Developer";
				DEVELOPMENT_TEAM = G4KG9W5G76;
				INFOPLIST_FILE = "A Touch of Health/Info.plist";
				IPHONEOS_DEPLOYMENT_TARGET = 10.2;
				LD_RUNPATH_SEARCH_PATHS = "$(inherited) @executable_path/Frameworks";
				PRODUCT_BUNDLE_IDENTIFIER = com.wovenware.atouchofhealth;
				PRODUCT_NAME = "$(TARGET_NAME)";
				PROVISIONING_PROFILE = "";
				PROVISIONING_PROFILE_SPECIFIER = "";
			};
			name = Debug;
		};
		4386D7D91DF5E5D500F32137 /* Release */ = {
			isa = XCBuildConfiguration;
			buildSettings = {
				ASSETCATALOG_COMPILER_APPICON_NAME = AppIcon;
				ASSETCATALOG_COMPILER_LAUNCHIMAGE_NAME = LaunchImage;
				CODE_SIGN_IDENTITY = "iPhone Distribution";
				"CODE_SIGN_IDENTITY[sdk=iphoneos*]" = "iPhone Developer";
				DEVELOPMENT_TEAM = G4KG9W5G76;
				INFOPLIST_FILE = "A Touch of Health/Info.plist";
				IPHONEOS_DEPLOYMENT_TARGET = 10.2;
				LD_RUNPATH_SEARCH_PATHS = "$(inherited) @executable_path/Frameworks";
				PRODUCT_BUNDLE_IDENTIFIER = com.wovenware.atouchofhealth;
				PRODUCT_NAME = "$(TARGET_NAME)";
				PROVISIONING_PROFILE = "";
				PROVISIONING_PROFILE_SPECIFIER = "";
			};
			name = Release;
		};
/* End XCBuildConfiguration section */

/* Begin XCConfigurationList section */
		4386D7BB1DF5E5D500F32137 /* Build configuration list for PBXProject "A Touch of Health" */ = {
			isa = XCConfigurationList;
			buildConfigurations = (
				4386D7D51DF5E5D500F32137 /* Debug */,
				4386D7D61DF5E5D500F32137 /* Release */,
			);
			defaultConfigurationIsVisible = 0;
			defaultConfigurationName = Release;
		};
		4386D7D71DF5E5D500F32137 /* Build configuration list for PBXNativeTarget "A Touch of Health" */ = {
			isa = XCConfigurationList;
			buildConfigurations = (
				4386D7D81DF5E5D500F32137 /* Debug */,
				4386D7D91DF5E5D500F32137 /* Release */,
			);
			defaultConfigurationIsVisible = 0;
			defaultConfigurationName = Release;
		};
/* End XCConfigurationList section */
	};
	rootObject = 4386D7B81DF5E5D500F32137 /* Project object */;
}
